
Microsoft Visual Studio Solution File, Format Version 12.00
# Visual Studio Version 17
VisualStudioVersion = 17.13.35806.99
MinimumVisualStudioVersion = 10.0.40219.1
Project("{8BC9CEB8-8B4A-11D0-8D11-00A0C91BC942}") = "Intro to data structures", "Intro to data structures\Intro to data structures.vcxproj", "{B365E93C-1F63-4711-B512-9ACE90140FD2}"
EndProject
Project("{8BC9CEB8-8B4A-11D0-8D11-00A0C91BC942}") = "February18-playing with my implementation of dynamic and static array", "February18-playing with my implementation of dynamic and static array\February18-playing with my implementation of dynamic and static array.vcxproj", "{02F28DC3-02D5-4F15-B066-7D6DD8494EA5}"
EndProject
Global
	GlobalSection(SolutionConfigurationPlatforms) = preSolution
		Debug|x64 = Debug|x64
		Debug|x86 = Debug|x86
		Release|x64 = Release|x64
		Release|x86 = Release|x86
	EndGlobalSection
	GlobalSection(ProjectConfigurationPlatforms) = postSolution
		{B365E93C-1F63-4711-B512-9ACE90140FD2}.Debug|x64.ActiveCfg = Debug|x64
		{B365E93C-1F63-4711-B512-9ACE90140FD2}.Debug|x64.Build.0 = Debug|x64
		{B365E93C-1F63-4711-B512-9ACE90140FD2}.Debug|x86.ActiveCfg = Debug|Win32
		{B365E93C-1F63-4711-B512-9ACE90140FD2}.Debug|x86.Build.0 = Debug|Win32
		{B365E93C-1F63-4711-B512-9ACE90140FD2}.Release|x64.ActiveCfg = Release|x64
		{B365E93C-1F63-4711-B512-9ACE90140FD2}.Release|x64.Build.0 = Release|x64
		{B365E93C-1F63-4711-B512-9ACE90140FD2}.Release|x86.ActiveCfg = Release|Win32
		{B365E93C-1F63-4711-B512-9ACE90140FD2}.Release|x86.Build.0 = Release|Win32
		{02F28DC3-02D5-4F15-B066-7D6DD8494EA5}.Debug|x64.ActiveCfg = Debug|x64
		{02F28DC3-02D5-4F15-B066-7D6DD8494EA5}.Debug|x64.Build.0 = Debug|x64
		{02F28DC3-02D5-4F15-B066-7D6DD8494EA5}.Debug|x86.ActiveCfg = Debug|Win32
		{02F28DC3-02D5-4F15-B066-7D6DD8494EA5}.Debug|x86.Build.0 = Debug|Win32
		{02F28DC3-02D5-4F15-B066-7D6DD8494EA5}.Release|x64.ActiveCfg = Release|x64
		{02F28DC3-02D5-4F15-B066-7D6DD8494EA5}.Release|x64.Build.0 = Release|x64
		{02F28DC3-02D5-4F15-B066-7D6DD8494EA5}.Release|x86.ActiveCfg = Release|Win32
		{02F28DC3-02D5-4F15-B066-7D6DD8494EA5}.Release|x86.Build.0 = Release|Win32
	EndGlobalSection
	GlobalSection(SolutionProperties) = preSolution
		HideSolutionNode = FALSE
	EndGlobalSection
	GlobalSection(ExtensibilityGlobals) = postSolution
		SolutionGuid = {C594920A-BAB5-4768-A2AF-6BC2F80A5ECA}
	EndGlobalSection
EndGlobal
